// !$*UTF8*$!
{
	archiveVersion = 1;
	classes = {
	};
	objectVersion = 51;
	objects = {

/* Begin PBXBuildFile section */
		9DE2AC039F43D53E838ECB81 /* Pods_Legion.framework in Frameworks */ = {isa = PBXBuildFile; fileRef = 672880F9D4E19E35B3F4043D /* Pods_Legion.framework */; };
		B98809D626DB8491007F7E0D /* AppDelegate.swift in Sources */ = {isa = PBXBuildFile; fileRef = B98809D526DB8491007F7E0D /* AppDelegate.swift */; };
		B98809D826DB8491007F7E0D /* SceneDelegate.swift in Sources */ = {isa = PBXBuildFile; fileRef = B98809D726DB8491007F7E0D /* SceneDelegate.swift */; };
		B98809DD26DB8491007F7E0D /* Main.storyboard in Resources */ = {isa = PBXBuildFile; fileRef = B98809DB26DB8491007F7E0D /* Main.storyboard */; };
		B98809DF26DB8494007F7E0D /* Assets.xcassets in Resources */ = {isa = PBXBuildFile; fileRef = B98809DE26DB8494007F7E0D /* Assets.xcassets */; };
		B98809E226DB8494007F7E0D /* LaunchScreen.storyboard in Resources */ = {isa = PBXBuildFile; fileRef = B98809E026DB8494007F7E0D /* LaunchScreen.storyboard */; };
		B98809ED26DB85C0007F7E0D /* MainCollectionViewController.swift in Sources */ = {isa = PBXBuildFile; fileRef = B98809EC26DB85C0007F7E0D /* MainCollectionViewController.swift */; };
		B98809EF26DB861A007F7E0D /* MainCollectionModel.swift in Sources */ = {isa = PBXBuildFile; fileRef = B98809EE26DB861A007F7E0D /* MainCollectionModel.swift */; };
		B98809F526DB8944007F7E0D /* MainCollectionViewCell.swift in Sources */ = {isa = PBXBuildFile; fileRef = B98809F326DB8944007F7E0D /* MainCollectionViewCell.swift */; };
		B98809F626DB8944007F7E0D /* MainCollectionViewCell.xib in Resources */ = {isa = PBXBuildFile; fileRef = B98809F426DB8944007F7E0D /* MainCollectionViewCell.xib */; };
		B98809F926DB929C007F7E0D /* FlowerClassifier.mlmodel in Sources */ = {isa = PBXBuildFile; fileRef = B98809F826DB929C007F7E0D /* FlowerClassifier.mlmodel */; };
		B98809FD26DB9360007F7E0D /* FlowerClassiferViewController.swift in Sources */ = {isa = PBXBuildFile; fileRef = B98809FC26DB9360007F7E0D /* FlowerClassiferViewController.swift */; };
		B98809FF26DB98EA007F7E0D /* FlowerManager.swift in Sources */ = {isa = PBXBuildFile; fileRef = B98809FE26DB98EA007F7E0D /* FlowerManager.swift */; };
		B9880A0126DBAE2F007F7E0D /* Inceptionv3.mlkitmodel in Sources */ = {isa = PBXBuildFile; fileRef = B9880A0026DBAE2F007F7E0D /* Inceptionv3.mlkitmodel */; };
		B9880A0326DBAE3D007F7E0D /* SeeFoodViewController.swift in Sources */ = {isa = PBXBuildFile; fileRef = B9880A0226DBAE3D007F7E0D /* SeeFoodViewController.swift */; };
		B9880A1126DBB5A2007F7E0D /* TodoItem.swift in Sources */ = {isa = PBXBuildFile; fileRef = B9880A0E26DBB5A2007F7E0D /* TodoItem.swift */; };
		B9880A1226DBB5A2007F7E0D /* TodoManager.swift in Sources */ = {isa = PBXBuildFile; fileRef = B9880A0F26DBB5A2007F7E0D /* TodoManager.swift */; };
		B9880A1326DBB5A2007F7E0D /* TodoCategory.swift in Sources */ = {isa = PBXBuildFile; fileRef = B9880A1026DBB5A2007F7E0D /* TodoCategory.swift */; };
		B9880A1626DBFFEC007F7E0D /* FlashChat.storyboard in Resources */ = {isa = PBXBuildFile; fileRef = B9880A1526DBFFEC007F7E0D /* FlashChat.storyboard */; };
		B9880A1826DC006B007F7E0D /* MessageCell.xib in Resources */ = {isa = PBXBuildFile; fileRef = B9880A1726DC006B007F7E0D /* MessageCell.xib */; };
		B9880A1B26DC007D007F7E0D /* MessageCell.swift in Sources */ = {isa = PBXBuildFile; fileRef = B9880A1A26DC007C007F7E0D /* MessageCell.swift */; };
		B9880A2026DC0092007F7E0D /* RegisterViewController.swift in Sources */ = {isa = PBXBuildFile; fileRef = B9880A1C26DC008C007F7E0D /* RegisterViewController.swift */; };
		B9880A2126DC0092007F7E0D /* LoginViewController.swift in Sources */ = {isa = PBXBuildFile; fileRef = B9880A1D26DC008E007F7E0D /* LoginViewController.swift */; };
		B9880A2226DC0092007F7E0D /* WelcomeViewController.swift in Sources */ = {isa = PBXBuildFile; fileRef = B9880A1E26DC0090007F7E0D /* WelcomeViewController.swift */; };
		B9880A2326DC0092007F7E0D /* ChatViewController.swift in Sources */ = {isa = PBXBuildFile; fileRef = B9880A1F26DC0092007F7E0D /* ChatViewController.swift */; };
		B9880A2526DC0099007F7E0D /* Message.swift in Sources */ = {isa = PBXBuildFile; fileRef = B9880A2426DC0099007F7E0D /* Message.swift */; };
		B9880A2826DC01FF007F7E0D /* Constants.swift in Sources */ = {isa = PBXBuildFile; fileRef = B9880A2726DC01FF007F7E0D /* Constants.swift */; };
		B9880A2A26DC0589007F7E0D /* Todoey.storyboard in Resources */ = {isa = PBXBuildFile; fileRef = B9880A2926DC0589007F7E0D /* Todoey.storyboard */; };
		B9880A2C26DC0621007F7E0D /* SeeFood.storyboard in Resources */ = {isa = PBXBuildFile; fileRef = B9880A2B26DC0621007F7E0D /* SeeFood.storyboard */; };
		B9880A2E26DC067A007F7E0D /* FlowerClassifier.storyboard in Resources */ = {isa = PBXBuildFile; fileRef = B9880A2D26DC067A007F7E0D /* FlowerClassifier.storyboard */; };
		B9880A3026DC079F007F7E0D /* GoogleService-Info.plist in Resources */ = {isa = PBXBuildFile; fileRef = B9880A2F26DC079F007F7E0D /* GoogleService-Info.plist */; };
		B9880A3326DC0BCC007F7E0D /* TodoListViewController.swift in Sources */ = {isa = PBXBuildFile; fileRef = B9880A3126DC0BCC007F7E0D /* TodoListViewController.swift */; };
		B9880A3426DC0BCC007F7E0D /* CategoryTableViewController.swift in Sources */ = {isa = PBXBuildFile; fileRef = B9880A3226DC0BCC007F7E0D /* CategoryTableViewController.swift */; };
		B9880A3926DC0E63007F7E0D /* CoinData.swift in Sources */ = {isa = PBXBuildFile; fileRef = B9880A3626DC0E61007F7E0D /* CoinData.swift */; };
		B9880A3A26DC0E63007F7E0D /* CoinModel.swift in Sources */ = {isa = PBXBuildFile; fileRef = B9880A3726DC0E62007F7E0D /* CoinModel.swift */; };
		B9880A3B26DC0E63007F7E0D /* CoinManager.swift in Sources */ = {isa = PBXBuildFile; fileRef = B9880A3826DC0E63007F7E0D /* CoinManager.swift */; };
		B9880A3D26DC0FCD007F7E0D /* ByteCoinViewController.swift in Sources */ = {isa = PBXBuildFile; fileRef = B9880A3C26DC0FCD007F7E0D /* ByteCoinViewController.swift */; };
		B9880A3F26DC0FE2007F7E0D /* ByteCoin.storyboard in Resources */ = {isa = PBXBuildFile; fileRef = B9880A3E26DC0FE2007F7E0D /* ByteCoin.storyboard */; };
		B9880A4126DD25B9007F7E0D /* WeatherViewController.swift in Sources */ = {isa = PBXBuildFile; fileRef = B9880A4026DD25B9007F7E0D /* WeatherViewController.swift */; };
		B9880A4326DD25CD007F7E0D /* Clima.storyboard in Resources */ = {isa = PBXBuildFile; fileRef = B9880A4226DD25CD007F7E0D /* Clima.storyboard */; };
		B9880A4526DD25F0007F7E0D /* WeatherManager.swift in Sources */ = {isa = PBXBuildFile; fileRef = B9880A4426DD25F0007F7E0D /* WeatherManager.swift */; };
		B9880A4926DD261E007F7E0D /* WeatherData.swift in Sources */ = {isa = PBXBuildFile; fileRef = B9880A4726DD261D007F7E0D /* WeatherData.swift */; };
		B9880A4A26DD261E007F7E0D /* WeatherModel.swift in Sources */ = {isa = PBXBuildFile; fileRef = B9880A4826DD261E007F7E0D /* WeatherModel.swift */; };
		B9880A4E26DD2A29007F7E0D /* ResultViewController.swift in Sources */ = {isa = PBXBuildFile; fileRef = B9880A4C26DD2A27007F7E0D /* ResultViewController.swift */; };
		B9880A4F26DD2A29007F7E0D /* ViewController.swift in Sources */ = {isa = PBXBuildFile; fileRef = B9880A4D26DD2A29007F7E0D /* ViewController.swift */; };
		B9880A5126DD2A37007F7E0D /* TipCalculatorBrain.swift in Sources */ = {isa = PBXBuildFile; fileRef = B9880A5026DD2A37007F7E0D /* TipCalculatorBrain.swift */; };
		B9880A5326DD2A4C007F7E0D /* Tipsy.storyboard in Resources */ = {isa = PBXBuildFile; fileRef = B9880A5226DD2A4C007F7E0D /* Tipsy.storyboard */; };
		B9880A5826DD9E80007F7E0D /* BMIResultViewController.swift in Sources */ = {isa = PBXBuildFile; fileRef = B9880A5626DD9E7E007F7E0D /* BMIResultViewController.swift */; };
		B9880A5926DD9E80007F7E0D /* BMIMainViewController.swift in Sources */ = {isa = PBXBuildFile; fileRef = B9880A5726DD9E80007F7E0D /* BMIMainViewController.swift */; };
		B9880A5D26DD9E9B007F7E0D /* BMICalculatorBrain.swift in Sources */ = {isa = PBXBuildFile; fileRef = B9880A5B26DD9E9A007F7E0D /* BMICalculatorBrain.swift */; };
		B9880A5E26DD9E9B007F7E0D /* BMI.swift in Sources */ = {isa = PBXBuildFile; fileRef = B9880A5C26DD9E9B007F7E0D /* BMI.swift */; };
		B9880A6026DD9EBA007F7E0D /* BMICalculator.storyboard in Resources */ = {isa = PBXBuildFile; fileRef = B9880A5F26DD9EBA007F7E0D /* BMICalculator.storyboard */; };
/* End PBXBuildFile section */

/* Begin PBXFileReference section */
		34616F155962AD1CB41BA8B2 /* Pods-Legion.release.xcconfig */ = {isa = PBXFileReference; includeInIndex = 1; lastKnownFileType = text.xcconfig; name = "Pods-Legion.release.xcconfig"; path = "Target Support Files/Pods-Legion/Pods-Legion.release.xcconfig"; sourceTree = "<group>"; };
		672880F9D4E19E35B3F4043D /* Pods_Legion.framework */ = {isa = PBXFileReference; explicitFileType = wrapper.framework; includeInIndex = 0; path = Pods_Legion.framework; sourceTree = BUILT_PRODUCTS_DIR; };
		7338202CDD017B62D18B5DE0 /* Pods-Legion.debug.xcconfig */ = {isa = PBXFileReference; includeInIndex = 1; lastKnownFileType = text.xcconfig; name = "Pods-Legion.debug.xcconfig"; path = "Target Support Files/Pods-Legion/Pods-Legion.debug.xcconfig"; sourceTree = "<group>"; };
		B98809D226DB8491007F7E0D /* Legion.app */ = {isa = PBXFileReference; explicitFileType = wrapper.application; includeInIndex = 0; path = Legion.app; sourceTree = BUILT_PRODUCTS_DIR; };
		B98809D526DB8491007F7E0D /* AppDelegate.swift */ = {isa = PBXFileReference; lastKnownFileType = sourcecode.swift; path = AppDelegate.swift; sourceTree = "<group>"; };
		B98809D726DB8491007F7E0D /* SceneDelegate.swift */ = {isa = PBXFileReference; lastKnownFileType = sourcecode.swift; path = SceneDelegate.swift; sourceTree = "<group>"; };
		B98809DC26DB8491007F7E0D /* Base */ = {isa = PBXFileReference; lastKnownFileType = file.storyboard; name = Base; path = Base.lproj/Main.storyboard; sourceTree = "<group>"; };
		B98809DE26DB8494007F7E0D /* Assets.xcassets */ = {isa = PBXFileReference; lastKnownFileType = folder.assetcatalog; path = Assets.xcassets; sourceTree = "<group>"; };
		B98809E126DB8494007F7E0D /* Base */ = {isa = PBXFileReference; lastKnownFileType = file.storyboard; name = Base; path = Base.lproj/LaunchScreen.storyboard; sourceTree = "<group>"; };
		B98809E326DB8494007F7E0D /* Info.plist */ = {isa = PBXFileReference; lastKnownFileType = text.plist.xml; path = Info.plist; sourceTree = "<group>"; };
		B98809EC26DB85C0007F7E0D /* MainCollectionViewController.swift */ = {isa = PBXFileReference; lastKnownFileType = sourcecode.swift; path = MainCollectionViewController.swift; sourceTree = "<group>"; };
		B98809EE26DB861A007F7E0D /* MainCollectionModel.swift */ = {isa = PBXFileReference; lastKnownFileType = sourcecode.swift; path = MainCollectionModel.swift; sourceTree = "<group>"; };
		B98809F326DB8944007F7E0D /* MainCollectionViewCell.swift */ = {isa = PBXFileReference; lastKnownFileType = sourcecode.swift; path = MainCollectionViewCell.swift; sourceTree = "<group>"; };
		B98809F426DB8944007F7E0D /* MainCollectionViewCell.xib */ = {isa = PBXFileReference; lastKnownFileType = file.xib; path = MainCollectionViewCell.xib; sourceTree = "<group>"; };
		B98809F826DB929C007F7E0D /* FlowerClassifier.mlmodel */ = {isa = PBXFileReference; lastKnownFileType = file.mlmodel; path = FlowerClassifier.mlmodel; sourceTree = "<group>"; };
		B98809FC26DB9360007F7E0D /* FlowerClassiferViewController.swift */ = {isa = PBXFileReference; fileEncoding = 4; lastKnownFileType = sourcecode.swift; path = FlowerClassiferViewController.swift; sourceTree = "<group>"; };
		B98809FE26DB98EA007F7E0D /* FlowerManager.swift */ = {isa = PBXFileReference; fileEncoding = 4; lastKnownFileType = sourcecode.swift; path = FlowerManager.swift; sourceTree = "<group>"; };
		B9880A0026DBAE2F007F7E0D /* Inceptionv3.mlkitmodel */ = {isa = PBXFileReference; lastKnownFileType = file.mlmodel; path = Inceptionv3.mlkitmodel; sourceTree = "<group>"; };
		B9880A0226DBAE3D007F7E0D /* SeeFoodViewController.swift */ = {isa = PBXFileReference; fileEncoding = 4; lastKnownFileType = sourcecode.swift; path = SeeFoodViewController.swift; sourceTree = "<group>"; };
		B9880A0E26DBB5A2007F7E0D /* TodoItem.swift */ = {isa = PBXFileReference; fileEncoding = 4; lastKnownFileType = sourcecode.swift; path = TodoItem.swift; sourceTree = "<group>"; };
		B9880A0F26DBB5A2007F7E0D /* TodoManager.swift */ = {isa = PBXFileReference; fileEncoding = 4; lastKnownFileType = sourcecode.swift; path = TodoManager.swift; sourceTree = "<group>"; };
		B9880A1026DBB5A2007F7E0D /* TodoCategory.swift */ = {isa = PBXFileReference; fileEncoding = 4; lastKnownFileType = sourcecode.swift; path = TodoCategory.swift; sourceTree = "<group>"; };
		B9880A1526DBFFEC007F7E0D /* FlashChat.storyboard */ = {isa = PBXFileReference; fileEncoding = 4; lastKnownFileType = file.storyboard; path = FlashChat.storyboard; sourceTree = "<group>"; };
		B9880A1726DC006B007F7E0D /* MessageCell.xib */ = {isa = PBXFileReference; fileEncoding = 4; lastKnownFileType = file.xib; path = MessageCell.xib; sourceTree = "<group>"; };
		B9880A1A26DC007C007F7E0D /* MessageCell.swift */ = {isa = PBXFileReference; fileEncoding = 4; lastKnownFileType = sourcecode.swift; path = MessageCell.swift; sourceTree = "<group>"; };
		B9880A1C26DC008C007F7E0D /* RegisterViewController.swift */ = {isa = PBXFileReference; fileEncoding = 4; lastKnownFileType = sourcecode.swift; path = RegisterViewController.swift; sourceTree = "<group>"; };
		B9880A1D26DC008E007F7E0D /* LoginViewController.swift */ = {isa = PBXFileReference; fileEncoding = 4; lastKnownFileType = sourcecode.swift; path = LoginViewController.swift; sourceTree = "<group>"; };
		B9880A1E26DC0090007F7E0D /* WelcomeViewController.swift */ = {isa = PBXFileReference; fileEncoding = 4; lastKnownFileType = sourcecode.swift; path = WelcomeViewController.swift; sourceTree = "<group>"; };
		B9880A1F26DC0092007F7E0D /* ChatViewController.swift */ = {isa = PBXFileReference; fileEncoding = 4; lastKnownFileType = sourcecode.swift; path = ChatViewController.swift; sourceTree = "<group>"; };
		B9880A2426DC0099007F7E0D /* Message.swift */ = {isa = PBXFileReference; fileEncoding = 4; lastKnownFileType = sourcecode.swift; path = Message.swift; sourceTree = "<group>"; };
		B9880A2726DC01FF007F7E0D /* Constants.swift */ = {isa = PBXFileReference; fileEncoding = 4; lastKnownFileType = sourcecode.swift; path = Constants.swift; sourceTree = "<group>"; };
		B9880A2926DC0589007F7E0D /* Todoey.storyboard */ = {isa = PBXFileReference; fileEncoding = 4; lastKnownFileType = file.storyboard; path = Todoey.storyboard; sourceTree = "<group>"; };
		B9880A2B26DC0621007F7E0D /* SeeFood.storyboard */ = {isa = PBXFileReference; fileEncoding = 4; lastKnownFileType = file.storyboard; path = SeeFood.storyboard; sourceTree = "<group>"; };
		B9880A2D26DC067A007F7E0D /* FlowerClassifier.storyboard */ = {isa = PBXFileReference; fileEncoding = 4; lastKnownFileType = file.storyboard; path = FlowerClassifier.storyboard; sourceTree = "<group>"; };
		B9880A2F26DC079F007F7E0D /* GoogleService-Info.plist */ = {isa = PBXFileReference; fileEncoding = 4; lastKnownFileType = text.plist.xml; path = "GoogleService-Info.plist"; sourceTree = "<group>"; };
		B9880A3126DC0BCC007F7E0D /* TodoListViewController.swift */ = {isa = PBXFileReference; fileEncoding = 4; lastKnownFileType = sourcecode.swift; name = TodoListViewController.swift; path = "../../../../Todoey-iOS13/Todoey/Controllers/TodoListViewController.swift"; sourceTree = "<group>"; };
		B9880A3226DC0BCC007F7E0D /* CategoryTableViewController.swift */ = {isa = PBXFileReference; fileEncoding = 4; lastKnownFileType = sourcecode.swift; name = CategoryTableViewController.swift; path = "../../../../Todoey-iOS13/Todoey/Controllers/CategoryTableViewController.swift"; sourceTree = "<group>"; };
		B9880A3626DC0E61007F7E0D /* CoinData.swift */ = {isa = PBXFileReference; fileEncoding = 4; lastKnownFileType = sourcecode.swift; path = CoinData.swift; sourceTree = "<group>"; };
		B9880A3726DC0E62007F7E0D /* CoinModel.swift */ = {isa = PBXFileReference; fileEncoding = 4; lastKnownFileType = sourcecode.swift; path = CoinModel.swift; sourceTree = "<group>"; };
		B9880A3826DC0E63007F7E0D /* CoinManager.swift */ = {isa = PBXFileReference; fileEncoding = 4; lastKnownFileType = sourcecode.swift; path = CoinManager.swift; sourceTree = "<group>"; };
		B9880A3C26DC0FCD007F7E0D /* ByteCoinViewController.swift */ = {isa = PBXFileReference; fileEncoding = 4; lastKnownFileType = sourcecode.swift; path = ByteCoinViewController.swift; sourceTree = "<group>"; };
		B9880A3E26DC0FE2007F7E0D /* ByteCoin.storyboard */ = {isa = PBXFileReference; fileEncoding = 4; lastKnownFileType = file.storyboard; path = ByteCoin.storyboard; sourceTree = "<group>"; };
		B9880A4026DD25B9007F7E0D /* WeatherViewController.swift */ = {isa = PBXFileReference; fileEncoding = 4; lastKnownFileType = sourcecode.swift; path = WeatherViewController.swift; sourceTree = "<group>"; };
		B9880A4226DD25CD007F7E0D /* Clima.storyboard */ = {isa = PBXFileReference; fileEncoding = 4; lastKnownFileType = file.storyboard; path = Clima.storyboard; sourceTree = "<group>"; };
		B9880A4426DD25F0007F7E0D /* WeatherManager.swift */ = {isa = PBXFileReference; fileEncoding = 4; lastKnownFileType = sourcecode.swift; path = WeatherManager.swift; sourceTree = "<group>"; };
		B9880A4726DD261D007F7E0D /* WeatherData.swift */ = {isa = PBXFileReference; fileEncoding = 4; lastKnownFileType = sourcecode.swift; path = WeatherData.swift; sourceTree = "<group>"; };
		B9880A4826DD261E007F7E0D /* WeatherModel.swift */ = {isa = PBXFileReference; fileEncoding = 4; lastKnownFileType = sourcecode.swift; path = WeatherModel.swift; sourceTree = "<group>"; };
		B9880A4C26DD2A27007F7E0D /* ResultViewController.swift */ = {isa = PBXFileReference; fileEncoding = 4; lastKnownFileType = sourcecode.swift; path = ResultViewController.swift; sourceTree = "<group>"; };
		B9880A4D26DD2A29007F7E0D /* ViewController.swift */ = {isa = PBXFileReference; fileEncoding = 4; lastKnownFileType = sourcecode.swift; path = ViewController.swift; sourceTree = "<group>"; };
		B9880A5026DD2A37007F7E0D /* TipCalculatorBrain.swift */ = {isa = PBXFileReference; fileEncoding = 4; lastKnownFileType = sourcecode.swift; path = TipCalculatorBrain.swift; sourceTree = "<group>"; };
		B9880A5226DD2A4C007F7E0D /* Tipsy.storyboard */ = {isa = PBXFileReference; fileEncoding = 4; lastKnownFileType = file.storyboard; path = Tipsy.storyboard; sourceTree = "<group>"; };
		B9880A5626DD9E7E007F7E0D /* BMIResultViewController.swift */ = {isa = PBXFileReference; fileEncoding = 4; lastKnownFileType = sourcecode.swift; path = BMIResultViewController.swift; sourceTree = "<group>"; };
		B9880A5726DD9E80007F7E0D /* BMIMainViewController.swift */ = {isa = PBXFileReference; fileEncoding = 4; lastKnownFileType = sourcecode.swift; path = BMIMainViewController.swift; sourceTree = "<group>"; };
		B9880A5B26DD9E9A007F7E0D /* BMICalculatorBrain.swift */ = {isa = PBXFileReference; fileEncoding = 4; lastKnownFileType = sourcecode.swift; path = BMICalculatorBrain.swift; sourceTree = "<group>"; };
		B9880A5C26DD9E9B007F7E0D /* BMI.swift */ = {isa = PBXFileReference; fileEncoding = 4; lastKnownFileType = sourcecode.swift; path = BMI.swift; sourceTree = "<group>"; };
		B9880A5F26DD9EBA007F7E0D /* BMICalculator.storyboard */ = {isa = PBXFileReference; fileEncoding = 4; lastKnownFileType = file.storyboard; path = BMICalculator.storyboard; sourceTree = "<group>"; };
/* End PBXFileReference section */

/* Begin PBXFrameworksBuildPhase section */
		B98809CF26DB8491007F7E0D /* Frameworks */ = {
			isa = PBXFrameworksBuildPhase;
			buildActionMask = 2147483647;
			files = (
				9DE2AC039F43D53E838ECB81 /* Pods_Legion.framework in Frameworks */,
			);
			runOnlyForDeploymentPostprocessing = 0;
		};
/* End PBXFrameworksBuildPhase section */

/* Begin PBXGroup section */
		229F0642FB0F5B9799BF287E /* Frameworks */ = {
			isa = PBXGroup;
			children = (
				672880F9D4E19E35B3F4043D /* Pods_Legion.framework */,
			);
			name = Frameworks;
			sourceTree = "<group>";
		};
		4C625FB029B62656768B0126 /* Pods */ = {
			isa = PBXGroup;
			children = (
				7338202CDD017B62D18B5DE0 /* Pods-Legion.debug.xcconfig */,
				34616F155962AD1CB41BA8B2 /* Pods-Legion.release.xcconfig */,
			);
			path = Pods;
			sourceTree = "<group>";
		};
		B98809C926DB8491007F7E0D = {
			isa = PBXGroup;
			children = (
				B98809D426DB8491007F7E0D /* Legion */,
				B98809D326DB8491007F7E0D /* Products */,
				4C625FB029B62656768B0126 /* Pods */,
				229F0642FB0F5B9799BF287E /* Frameworks */,
			);
			sourceTree = "<group>";
		};
		B98809D326DB8491007F7E0D /* Products */ = {
			isa = PBXGroup;
			children = (
				B98809D226DB8491007F7E0D /* Legion.app */,
			);
			name = Products;
			sourceTree = "<group>";
		};
		B98809D426DB8491007F7E0D /* Legion */ = {
			isa = PBXGroup;
			children = (
				B98809F726DB9285007F7E0D /* MLModels */,
				B98809EA26DB84C2007F7E0D /* Models */,
				B98809EB26DB84CC007F7E0D /* Views */,
				B98809E926DB84BA007F7E0D /* Controllers */,
				B98809F026DB8758007F7E0D /* Others */,
				B98809E326DB8494007F7E0D /* Info.plist */,
				B9880A2F26DC079F007F7E0D /* GoogleService-Info.plist */,
			);
			path = Legion;
			sourceTree = "<group>";
		};
		B98809E926DB84BA007F7E0D /* Controllers */ = {
			isa = PBXGroup;
			children = (
				B9880A5526DD9E70007F7E0D /* BMICalculator */,
				B9880A4B26DD2A1D007F7E0D /* Tipsy */,
				B9880A4026DD25B9007F7E0D /* WeatherViewController.swift */,
				B9880A3C26DC0FCD007F7E0D /* ByteCoinViewController.swift */,
				B9880A1926DC0070007F7E0D /* FlashChat */,
				B9880A0626DBB297007F7E0D /* Todoey */,
				B9880A0226DBAE3D007F7E0D /* SeeFoodViewController.swift */,
				B98809FC26DB9360007F7E0D /* FlowerClassiferViewController.swift */,
				B98809F326DB8944007F7E0D /* MainCollectionViewCell.swift */,
				B98809EC26DB85C0007F7E0D /* MainCollectionViewController.swift */,
			);
			path = Controllers;
			sourceTree = "<group>";
		};
		B98809EA26DB84C2007F7E0D /* Models */ = {
			isa = PBXGroup;
			children = (
				B9880A5A26DD9E87007F7E0D /* BMICalculator */,
				B9880A5426DD9D5C007F7E0D /* Tipsy */,
				B9880A4626DD260D007F7E0D /* Clima */,
				B9880A3526DC0E55007F7E0D /* ByteCoin */,
				B9880A2626DC01F3007F7E0D /* FlashChat */,
				B9880A0D26DBB598007F7E0D /* Todoey */,
				B98809FE26DB98EA007F7E0D /* FlowerManager.swift */,
				B98809EE26DB861A007F7E0D /* MainCollectionModel.swift */,
			);
			path = Models;
			sourceTree = "<group>";
		};
		B98809EB26DB84CC007F7E0D /* Views */ = {
			isa = PBXGroup;
			children = (
				B9880A5F26DD9EBA007F7E0D /* BMICalculator.storyboard */,
				B9880A5226DD2A4C007F7E0D /* Tipsy.storyboard */,
				B9880A4226DD25CD007F7E0D /* Clima.storyboard */,
				B9880A3E26DC0FE2007F7E0D /* ByteCoin.storyboard */,
				B9880A2D26DC067A007F7E0D /* FlowerClassifier.storyboard */,
				B9880A1426DBFFCA007F7E0D /* FlashChat */,
				B9880A2926DC0589007F7E0D /* Todoey.storyboard */,
				B9880A2B26DC0621007F7E0D /* SeeFood.storyboard */,
				B98809E026DB8494007F7E0D /* LaunchScreen.storyboard */,
				B98809DB26DB8491007F7E0D /* Main.storyboard */,
				B98809F426DB8944007F7E0D /* MainCollectionViewCell.xib */,
			);
			path = Views;
			sourceTree = "<group>";
		};
		B98809F026DB8758007F7E0D /* Others */ = {
			isa = PBXGroup;
			children = (
				B98809DE26DB8494007F7E0D /* Assets.xcassets */,
				B98809D526DB8491007F7E0D /* AppDelegate.swift */,
				B98809D726DB8491007F7E0D /* SceneDelegate.swift */,
			);
			path = Others;
			sourceTree = "<group>";
		};
		B98809F726DB9285007F7E0D /* MLModels */ = {
			isa = PBXGroup;
			children = (
				B9880A0026DBAE2F007F7E0D /* Inceptionv3.mlkitmodel */,
				B98809F826DB929C007F7E0D /* FlowerClassifier.mlmodel */,
			);
			path = MLModels;
			sourceTree = "<group>";
		};
		B9880A0626DBB297007F7E0D /* Todoey */ = {
			isa = PBXGroup;
			children = (
				B9880A3226DC0BCC007F7E0D /* CategoryTableViewController.swift */,
				B9880A3126DC0BCC007F7E0D /* TodoListViewController.swift */,
			);
			path = Todoey;
			sourceTree = "<group>";
		};
		B9880A0D26DBB598007F7E0D /* Todoey */ = {
			isa = PBXGroup;
			children = (
				B9880A1026DBB5A2007F7E0D /* TodoCategory.swift */,
				B9880A0E26DBB5A2007F7E0D /* TodoItem.swift */,
				B9880A0F26DBB5A2007F7E0D /* TodoManager.swift */,
			);
			path = Todoey;
			sourceTree = "<group>";
		};
		B9880A1426DBFFCA007F7E0D /* FlashChat */ = {
			isa = PBXGroup;
			children = (
				B9880A1726DC006B007F7E0D /* MessageCell.xib */,
				B9880A1526DBFFEC007F7E0D /* FlashChat.storyboard */,
			);
			path = FlashChat;
			sourceTree = "<group>";
		};
		B9880A1926DC0070007F7E0D /* FlashChat */ = {
			isa = PBXGroup;
			children = (
				B9880A1F26DC0092007F7E0D /* ChatViewController.swift */,
				B9880A1D26DC008E007F7E0D /* LoginViewController.swift */,
				B9880A1C26DC008C007F7E0D /* RegisterViewController.swift */,
				B9880A1E26DC0090007F7E0D /* WelcomeViewController.swift */,
				B9880A1A26DC007C007F7E0D /* MessageCell.swift */,
			);
			path = FlashChat;
			sourceTree = "<group>";
		};
		B9880A2626DC01F3007F7E0D /* FlashChat */ = {
			isa = PBXGroup;
			children = (
				B9880A2726DC01FF007F7E0D /* Constants.swift */,
				B9880A2426DC0099007F7E0D /* Message.swift */,
			);
			path = FlashChat;
			sourceTree = "<group>";
		};
		B9880A3526DC0E55007F7E0D /* ByteCoin */ = {
			isa = PBXGroup;
			children = (
				B9880A3626DC0E61007F7E0D /* CoinData.swift */,
				B9880A3826DC0E63007F7E0D /* CoinManager.swift */,
				B9880A3726DC0E62007F7E0D /* CoinModel.swift */,
			);
			path = ByteCoin;
			sourceTree = "<group>";
		};
		B9880A4626DD260D007F7E0D /* Clima */ = {
			isa = PBXGroup;
			children = (
				B9880A4726DD261D007F7E0D /* WeatherData.swift */,
				B9880A4826DD261E007F7E0D /* WeatherModel.swift */,
				B9880A4426DD25F0007F7E0D /* WeatherManager.swift */,
			);
			path = Clima;
			sourceTree = "<group>";
		};
		B9880A4B26DD2A1D007F7E0D /* Tipsy */ = {
			isa = PBXGroup;
			children = (
				B9880A4C26DD2A27007F7E0D /* ResultViewController.swift */,
				B9880A4D26DD2A29007F7E0D /* ViewController.swift */,
			);
			path = Tipsy;
			sourceTree = "<group>";
		};
		B9880A5426DD9D5C007F7E0D /* Tipsy */ = {
			isa = PBXGroup;
			children = (
				B9880A5026DD2A37007F7E0D /* TipCalculatorBrain.swift */,
			);
			path = Tipsy;
			sourceTree = "<group>";
		};
		B9880A5526DD9E70007F7E0D /* BMICalculator */ = {
			isa = PBXGroup;
			children = (
				B9880A5626DD9E7E007F7E0D /* BMIResultViewController.swift */,
				B9880A5726DD9E80007F7E0D /* BMIMainViewController.swift */,
			);
			path = BMICalculator;
			sourceTree = "<group>";
		};
		B9880A5A26DD9E87007F7E0D /* BMICalculator */ = {
			isa = PBXGroup;
			children = (
				B9880A5C26DD9E9B007F7E0D /* BMI.swift */,
				B9880A5B26DD9E9A007F7E0D /* BMICalculatorBrain.swift */,
			);
			path = BMICalculator;
			sourceTree = "<group>";
		};
/* End PBXGroup section */

/* Begin PBXNativeTarget section */
		B98809D126DB8491007F7E0D /* Legion */ = {
			isa = PBXNativeTarget;
			buildConfigurationList = B98809E626DB8494007F7E0D /* Build configuration list for PBXNativeTarget "Legion" */;
			buildPhases = (
				3FA4648EDCC162024E55FA37 /* [CP] Check Pods Manifest.lock */,
				B98809CE26DB8491007F7E0D /* Sources */,
				B98809CF26DB8491007F7E0D /* Frameworks */,
				B98809D026DB8491007F7E0D /* Resources */,
				CBB32265A76FD4E1EE82BCF9 /* [CP] Embed Pods Frameworks */,
			);
			buildRules = (
			);
			dependencies = (
			);
			name = Legion;
			productName = Legion;
			productReference = B98809D226DB8491007F7E0D /* Legion.app */;
			productType = "com.apple.product-type.application";
		};
/* End PBXNativeTarget section */

/* Begin PBXProject section */
		B98809CA26DB8491007F7E0D /* Project object */ = {
			isa = PBXProject;
			attributes = {
				LastSwiftUpdateCheck = 1250;
				LastUpgradeCheck = 1250;
				TargetAttributes = {
					B98809D126DB8491007F7E0D = {
						CreatedOnToolsVersion = 12.5.1;
					};
				};
			};
			buildConfigurationList = B98809CD26DB8491007F7E0D /* Build configuration list for PBXProject "Legion" */;
			compatibilityVersion = "Xcode 9.3";
			developmentRegion = en;
			hasScannedForEncodings = 0;
			knownRegions = (
				en,
				Base,
			);
			mainGroup = B98809C926DB8491007F7E0D;
			productRefGroup = B98809D326DB8491007F7E0D /* Products */;
			projectDirPath = "";
			projectRoot = "";
			targets = (
				B98809D126DB8491007F7E0D /* Legion */,
			);
		};
/* End PBXProject section */

/* Begin PBXResourcesBuildPhase section */
		B98809D026DB8491007F7E0D /* Resources */ = {
			isa = PBXResourcesBuildPhase;
			buildActionMask = 2147483647;
			files = (
				B9880A2A26DC0589007F7E0D /* Todoey.storyboard in Resources */,
				B98809E226DB8494007F7E0D /* LaunchScreen.storyboard in Resources */,
				B9880A1626DBFFEC007F7E0D /* FlashChat.storyboard in Resources */,
				B9880A4326DD25CD007F7E0D /* Clima.storyboard in Resources */,
				B9880A1826DC006B007F7E0D /* MessageCell.xib in Resources */,
				B98809DF26DB8494007F7E0D /* Assets.xcassets in Resources */,
				B9880A3F26DC0FE2007F7E0D /* ByteCoin.storyboard in Resources */,
				B9880A6026DD9EBA007F7E0D /* BMICalculator.storyboard in Resources */,
				B9880A5326DD2A4C007F7E0D /* Tipsy.storyboard in Resources */,
				B9880A2C26DC0621007F7E0D /* SeeFood.storyboard in Resources */,
				B9880A2E26DC067A007F7E0D /* FlowerClassifier.storyboard in Resources */,
				B9880A3026DC079F007F7E0D /* GoogleService-Info.plist in Resources */,
				B98809DD26DB8491007F7E0D /* Main.storyboard in Resources */,
				B98809F626DB8944007F7E0D /* MainCollectionViewCell.xib in Resources */,
			);
			runOnlyForDeploymentPostprocessing = 0;
		};
/* End PBXResourcesBuildPhase section */

/* Begin PBXShellScriptBuildPhase section */
		3FA4648EDCC162024E55FA37 /* [CP] Check Pods Manifest.lock */ = {
			isa = PBXShellScriptBuildPhase;
			buildActionMask = 2147483647;
			files = (
			);
			inputFileListPaths = (
			);
			inputPaths = (
				"${PODS_PODFILE_DIR_PATH}/Podfile.lock",
				"${PODS_ROOT}/Manifest.lock",
			);
			name = "[CP] Check Pods Manifest.lock";
			outputFileListPaths = (
			);
			outputPaths = (
				"$(DERIVED_FILE_DIR)/Pods-Legion-checkManifestLockResult.txt",
			);
			runOnlyForDeploymentPostprocessing = 0;
			shellPath = /bin/sh;
			shellScript = "diff \"${PODS_PODFILE_DIR_PATH}/Podfile.lock\" \"${PODS_ROOT}/Manifest.lock\" > /dev/null\nif [ $? != 0 ] ; then\n    # print error to STDERR\n    echo \"error: The sandbox is not in sync with the Podfile.lock. Run 'pod install' or update your CocoaPods installation.\" >&2\n    exit 1\nfi\n# This output is used by Xcode 'outputs' to avoid re-running this script phase.\necho \"SUCCESS\" > \"${SCRIPT_OUTPUT_FILE_0}\"\n";
			showEnvVarsInLog = 0;
		};
		CBB32265A76FD4E1EE82BCF9 /* [CP] Embed Pods Frameworks */ = {
			isa = PBXShellScriptBuildPhase;
			buildActionMask = 2147483647;
			files = (
			);
			inputFileListPaths = (
				"${PODS_ROOT}/Target Support Files/Pods-Legion/Pods-Legion-frameworks-${CONFIGURATION}-input-files.xcfilelist",
			);
			name = "[CP] Embed Pods Frameworks";
			outputFileListPaths = (
				"${PODS_ROOT}/Target Support Files/Pods-Legion/Pods-Legion-frameworks-${CONFIGURATION}-output-files.xcfilelist",
			);
			runOnlyForDeploymentPostprocessing = 0;
			shellPath = /bin/sh;
			shellScript = "\"${PODS_ROOT}/Target Support Files/Pods-Legion/Pods-Legion-frameworks.sh\"\n";
			showEnvVarsInLog = 0;
		};
/* End PBXShellScriptBuildPhase section */

/* Begin PBXSourcesBuildPhase section */
		B98809CE26DB8491007F7E0D /* Sources */ = {
			isa = PBXSourcesBuildPhase;
			buildActionMask = 2147483647;
			files = (
				B9880A3926DC0E63007F7E0D /* CoinData.swift in Sources */,
				B9880A4126DD25B9007F7E0D /* WeatherViewController.swift in Sources */,
				B9880A2126DC0092007F7E0D /* LoginViewController.swift in Sources */,
				B9880A2826DC01FF007F7E0D /* Constants.swift in Sources */,
				B9880A4A26DD261E007F7E0D /* WeatherModel.swift in Sources */,
				B9880A1326DBB5A2007F7E0D /* TodoCategory.swift in Sources */,
				B9880A5D26DD9E9B007F7E0D /* BMICalculatorBrain.swift in Sources */,
				B9880A3B26DC0E63007F7E0D /* CoinManager.swift in Sources */,
				B9880A3A26DC0E63007F7E0D /* CoinModel.swift in Sources */,
				B9880A3326DC0BCC007F7E0D /* TodoListViewController.swift in Sources */,
				B9880A5126DD2A37007F7E0D /* TipCalculatorBrain.swift in Sources */,
				B9880A1B26DC007D007F7E0D /* MessageCell.swift in Sources */,
				B9880A3D26DC0FCD007F7E0D /* ByteCoinViewController.swift in Sources */,
				B9880A4526DD25F0007F7E0D /* WeatherManager.swift in Sources */,
				B9880A0326DBAE3D007F7E0D /* SeeFoodViewController.swift in Sources */,
				B98809FF26DB98EA007F7E0D /* FlowerManager.swift in Sources */,
				B9880A4F26DD2A29007F7E0D /* ViewController.swift in Sources */,
				B9880A2526DC0099007F7E0D /* Message.swift in Sources */,
				B98809F926DB929C007F7E0D /* FlowerClassifier.mlmodel in Sources */,
				B98809ED26DB85C0007F7E0D /* MainCollectionViewController.swift in Sources */,
				B9880A3426DC0BCC007F7E0D /* CategoryTableViewController.swift in Sources */,
				B98809D626DB8491007F7E0D /* AppDelegate.swift in Sources */,
				B98809F526DB8944007F7E0D /* MainCollectionViewCell.swift in Sources */,
				B9880A4926DD261E007F7E0D /* WeatherData.swift in Sources */,
				B9880A5E26DD9E9B007F7E0D /* BMI.swift in Sources */,
				B98809FD26DB9360007F7E0D /* FlowerClassiferViewController.swift in Sources */,
				B98809EF26DB861A007F7E0D /* MainCollectionModel.swift in Sources */,
				B9880A5926DD9E80007F7E0D /* BMIMainViewController.swift in Sources */,
				B9880A5826DD9E80007F7E0D /* BMIResultViewController.swift in Sources */,
				B98809D826DB8491007F7E0D /* SceneDelegate.swift in Sources */,
				B9880A2026DC0092007F7E0D /* RegisterViewController.swift in Sources */,
				B9880A1126DBB5A2007F7E0D /* TodoItem.swift in Sources */,
				B9880A0126DBAE2F007F7E0D /* Inceptionv3.mlkitmodel in Sources */,
				B9880A1226DBB5A2007F7E0D /* TodoManager.swift in Sources */,
				B9880A4E26DD2A29007F7E0D /* ResultViewController.swift in Sources */,
				B9880A2326DC0092007F7E0D /* ChatViewController.swift in Sources */,
				B9880A2226DC0092007F7E0D /* WelcomeViewController.swift in Sources */,
			);
			runOnlyForDeploymentPostprocessing = 0;
		};
/* End PBXSourcesBuildPhase section */

/* Begin PBXVariantGroup section */
		B98809DB26DB8491007F7E0D /* Main.storyboard */ = {
			isa = PBXVariantGroup;
			children = (
				B98809DC26DB8491007F7E0D /* Base */,
			);
			name = Main.storyboard;
			sourceTree = "<group>";
		};
		B98809E026DB8494007F7E0D /* LaunchScreen.storyboard */ = {
			isa = PBXVariantGroup;
			children = (
				B98809E126DB8494007F7E0D /* Base */,
			);
			name = LaunchScreen.storyboard;
			sourceTree = "<group>";
		};
/* End PBXVariantGroup section */

/* Begin XCBuildConfiguration section */
		B98809E426DB8494007F7E0D /* Debug */ = {
			isa = XCBuildConfiguration;
			buildSettings = {
				ALWAYS_SEARCH_USER_PATHS = NO;
				CLANG_ANALYZER_NONNULL = YES;
				CLANG_ANALYZER_NUMBER_OBJECT_CONVERSION = YES_AGGRESSIVE;
				CLANG_CXX_LANGUAGE_STANDARD = "gnu++14";
				CLANG_CXX_LIBRARY = "libc++";
				CLANG_ENABLE_MODULES = YES;
				CLANG_ENABLE_OBJC_ARC = YES;
				CLANG_ENABLE_OBJC_WEAK = YES;
				CLANG_WARN_BLOCK_CAPTURE_AUTORELEASING = YES;
				CLANG_WARN_BOOL_CONVERSION = YES;
				CLANG_WARN_COMMA = YES;
				CLANG_WARN_CONSTANT_CONVERSION = YES;
				CLANG_WARN_DEPRECATED_OBJC_IMPLEMENTATIONS = YES;
				CLANG_WARN_DIRECT_OBJC_ISA_USAGE = YES_ERROR;
				CLANG_WARN_DOCUMENTATION_COMMENTS = YES;
				CLANG_WARN_EMPTY_BODY = YES;
				CLANG_WARN_ENUM_CONVERSION = YES;
				CLANG_WARN_INFINITE_RECURSION = YES;
				CLANG_WARN_INT_CONVERSION = YES;
				CLANG_WARN_NON_LITERAL_NULL_CONVERSION = YES;
				CLANG_WARN_OBJC_IMPLICIT_RETAIN_SELF = YES;
				CLANG_WARN_OBJC_LITERAL_CONVERSION = YES;
				CLANG_WARN_OBJC_ROOT_CLASS = YES_ERROR;
				CLANG_WARN_QUOTED_INCLUDE_IN_FRAMEWORK_HEADER = YES;
				CLANG_WARN_RANGE_LOOP_ANALYSIS = YES;
				CLANG_WARN_STRICT_PROTOTYPES = YES;
				CLANG_WARN_SUSPICIOUS_MOVE = YES;
				CLANG_WARN_UNGUARDED_AVAILABILITY = YES_AGGRESSIVE;
				CLANG_WARN_UNREACHABLE_CODE = YES;
				CLANG_WARN__DUPLICATE_METHOD_MATCH = YES;
				COPY_PHASE_STRIP = NO;
				DEBUG_INFORMATION_FORMAT = dwarf;
				ENABLE_STRICT_OBJC_MSGSEND = YES;
				ENABLE_TESTABILITY = YES;
				GCC_C_LANGUAGE_STANDARD = gnu11;
				GCC_DYNAMIC_NO_PIC = NO;
				GCC_NO_COMMON_BLOCKS = YES;
				GCC_OPTIMIZATION_LEVEL = 0;
				GCC_PREPROCESSOR_DEFINITIONS = (
					"DEBUG=1",
					"$(inherited)",
				);
				GCC_WARN_64_TO_32_BIT_CONVERSION = YES;
				GCC_WARN_ABOUT_RETURN_TYPE = YES_ERROR;
				GCC_WARN_UNDECLARED_SELECTOR = YES;
				GCC_WARN_UNINITIALIZED_AUTOS = YES_AGGRESSIVE;
				GCC_WARN_UNUSED_FUNCTION = YES;
				GCC_WARN_UNUSED_VARIABLE = YES;
				IPHONEOS_DEPLOYMENT_TARGET = 14.5;
				MTL_ENABLE_DEBUG_INFO = INCLUDE_SOURCE;
				MTL_FAST_MATH = YES;
				ONLY_ACTIVE_ARCH = YES;
				SDKROOT = iphoneos;
				SWIFT_ACTIVE_COMPILATION_CONDITIONS = DEBUG;
				SWIFT_OPTIMIZATION_LEVEL = "-Onone";
			};
			name = Debug;
		};
		B98809E526DB8494007F7E0D /* Release */ = {
			isa = XCBuildConfiguration;
			buildSettings = {
				ALWAYS_SEARCH_USER_PATHS = NO;
				CLANG_ANALYZER_NONNULL = YES;
				CLANG_ANALYZER_NUMBER_OBJECT_CONVERSION = YES_AGGRESSIVE;
				CLANG_CXX_LANGUAGE_STANDARD = "gnu++14";
				CLANG_CXX_LIBRARY = "libc++";
				CLANG_ENABLE_MODULES = YES;
				CLANG_ENABLE_OBJC_ARC = YES;
				CLANG_ENABLE_OBJC_WEAK = YES;
				CLANG_WARN_BLOCK_CAPTURE_AUTORELEASING = YES;
				CLANG_WARN_BOOL_CONVERSION = YES;
				CLANG_WARN_COMMA = YES;
				CLANG_WARN_CONSTANT_CONVERSION = YES;
				CLANG_WARN_DEPRECATED_OBJC_IMPLEMENTATIONS = YES;
				CLANG_WARN_DIRECT_OBJC_ISA_USAGE = YES_ERROR;
				CLANG_WARN_DOCUMENTATION_COMMENTS = YES;
				CLANG_WARN_EMPTY_BODY = YES;
				CLANG_WARN_ENUM_CONVERSION = YES;
				CLANG_WARN_INFINITE_RECURSION = YES;
				CLANG_WARN_INT_CONVERSION = YES;
				CLANG_WARN_NON_LITERAL_NULL_CONVERSION = YES;
				CLANG_WARN_OBJC_IMPLICIT_RETAIN_SELF = YES;
				CLANG_WARN_OBJC_LITERAL_CONVERSION = YES;
				CLANG_WARN_OBJC_ROOT_CLASS = YES_ERROR;
				CLANG_WARN_QUOTED_INCLUDE_IN_FRAMEWORK_HEADER = YES;
				CLANG_WARN_RANGE_LOOP_ANALYSIS = YES;
				CLANG_WARN_STRICT_PROTOTYPES = YES;
				CLANG_WARN_SUSPICIOUS_MOVE = YES;
				CLANG_WARN_UNGUARDED_AVAILABILITY = YES_AGGRESSIVE;
				CLANG_WARN_UNREACHABLE_CODE = YES;
				CLANG_WARN__DUPLICATE_METHOD_MATCH = YES;
				COPY_PHASE_STRIP = NO;
				DEBUG_INFORMATION_FORMAT = "dwarf-with-dsym";
				ENABLE_NS_ASSERTIONS = NO;
				ENABLE_STRICT_OBJC_MSGSEND = YES;
				GCC_C_LANGUAGE_STANDARD = gnu11;
				GCC_NO_COMMON_BLOCKS = YES;
				GCC_WARN_64_TO_32_BIT_CONVERSION = YES;
				GCC_WARN_ABOUT_RETURN_TYPE = YES_ERROR;
				GCC_WARN_UNDECLARED_SELECTOR = YES;
				GCC_WARN_UNINITIALIZED_AUTOS = YES_AGGRESSIVE;
				GCC_WARN_UNUSED_FUNCTION = YES;
				GCC_WARN_UNUSED_VARIABLE = YES;
				IPHONEOS_DEPLOYMENT_TARGET = 14.5;
				MTL_ENABLE_DEBUG_INFO = NO;
				MTL_FAST_MATH = YES;
				SDKROOT = iphoneos;
				SWIFT_COMPILATION_MODE = wholemodule;
				SWIFT_OPTIMIZATION_LEVEL = "-O";
				VALIDATE_PRODUCT = YES;
			};
			name = Release;
		};
		B98809E726DB8494007F7E0D /* Debug */ = {
			isa = XCBuildConfiguration;
			baseConfigurationReference = 7338202CDD017B62D18B5DE0 /* Pods-Legion.debug.xcconfig */;
			buildSettings = {
				ASSETCATALOG_COMPILER_APPICON_NAME = AppIcon;
				ASSETCATALOG_COMPILER_GLOBAL_ACCENT_COLOR_NAME = AccentColor;
				CODE_SIGN_STYLE = Automatic;
				DEVELOPMENT_TEAM = QX575RRUK3;
				INFOPLIST_FILE = Legion/Info.plist;
				LD_RUNPATH_SEARCH_PATHS = (
					"$(inherited)",
					"@executable_path/Frameworks",
				);
				PRODUCT_BUNDLE_IDENTIFIER = Uno.Legion;
				PRODUCT_NAME = "$(TARGET_NAME)";
				SWIFT_VERSION = 5.0;
				TARGETED_DEVICE_FAMILY = "1,2";
			};
			name = Debug;
		};
		B98809E826DB8494007F7E0D /* Release */ = {
			isa = XCBuildConfiguration;
			baseConfigurationReference = 34616F155962AD1CB41BA8B2 /* Pods-Legion.release.xcconfig */;
			buildSettings = {
				ASSETCATALOG_COMPILER_APPICON_NAME = AppIcon;
				ASSETCATALOG_COMPILER_GLOBAL_ACCENT_COLOR_NAME = AccentColor;
				CODE_SIGN_STYLE = Automatic;
				DEVELOPMENT_TEAM = QX575RRUK3;
				INFOPLIST_FILE = Legion/Info.plist;
				LD_RUNPATH_SEARCH_PATHS = (
					"$(inherited)",
					"@executable_path/Frameworks",
				);
				PRODUCT_BUNDLE_IDENTIFIER = Uno.Legion;
				PRODUCT_NAME = "$(TARGET_NAME)";
				SWIFT_VERSION = 5.0;
				TARGETED_DEVICE_FAMILY = "1,2";
			};
			name = Release;
		};
/* End XCBuildConfiguration section */

/* Begin XCConfigurationList section */
		B98809CD26DB8491007F7E0D /* Build configuration list for PBXProject "Legion" */ = {
			isa = XCConfigurationList;
			buildConfigurations = (
				B98809E426DB8494007F7E0D /* Debug */,
				B98809E526DB8494007F7E0D /* Release */,
			);
			defaultConfigurationIsVisible = 0;
			defaultConfigurationName = Release;
		};
		B98809E626DB8494007F7E0D /* Build configuration list for PBXNativeTarget "Legion" */ = {
			isa = XCConfigurationList;
			buildConfigurations = (
				B98809E726DB8494007F7E0D /* Debug */,
				B98809E826DB8494007F7E0D /* Release */,
			);
			defaultConfigurationIsVisible = 0;
			defaultConfigurationName = Release;
		};
/* End XCConfigurationList section */
	};
	rootObject = B98809CA26DB8491007F7E0D /* Project object */;
}
